
Microsoft Visual Studio Solution File, Format Version 12.00
# Visual Studio 15
VisualStudioVersion = 15.0.27130.2003
MinimumVisualStudioVersion = 10.0.40219.1
Project("{FAE04EC0-301F-11D3-BF4B-00C04F79EFBC}") = "PaymentPageTest", "PaymentPageTest\PaymentPageTest.csproj", "{1F729187-BCD7-427C-9573-8A2B2D54883B}"
EndProject
Global
	GlobalSection(SolutionConfigurationPlatforms) = preSolution
		Debug|Any CPU = Debug|Any CPU
		Release|Any CPU = Release|Any CPU
	EndGlobalSection
	GlobalSection(ProjectConfigurationPlatforms) = postSolution
		{1F729187-BCD7-427C-9573-8A2B2D54883B}.Debug|Any CPU.ActiveCfg = Debug|Any CPU
		{1F729187-BCD7-427C-9573-8A2B2D54883B}.Debug|Any CPU.Build.0 = Debug|Any CPU
		{1F729187-BCD7-427C-9573-8A2B2D54883B}.Release|Any CPU.ActiveCfg = Release|Any CPU
		{1F729187-BCD7-427C-9573-8A2B2D54883B}.Release|Any CPU.Build.0 = Release|Any CPU
	EndGlobalSection
	GlobalSection(SolutionProperties) = preSolution
		HideSolutionNode = FALSE
	EndGlobalSection
	GlobalSection(ExtensibilityGlobals) = postSolution
		SolutionGuid = {FB905C74-9B04-4872-B232-9FD3653BBB28}
	EndGlobalSection
EndGlobal
